// !$*UTF8*$!
{
	archiveVersion = 1;
	classes = {
	};
	objectVersion = 46;
	objects = {

/* Begin PBXBuildFile section */
		E800AC521E51FA5700187854 /* articleJSON in Resources */ = {isa = PBXBuildFile; fileRef = E800AC511E51FA5700187854 /* articleJSON */; };
		E800AC541E52047F00187854 /* legislationJSON in Resources */ = {isa = PBXBuildFile; fileRef = E800AC531E52047F00187854 /* legislationJSON */; };
		E800AC561E5206AD00187854 /* legislatorJSON in Resources */ = {isa = PBXBuildFile; fileRef = E800AC551E5206AD00187854 /* legislatorJSON */; };
		E813C37A1E524D6A00F93F95 /* UserDefaultsManager.swift in Sources */ = {isa = PBXBuildFile; fileRef = E813C3791E524D6A00F93F95 /* UserDefaultsManager.swift */; };
		E813C37C1E538E6E00F93F95 /* ActivityItemStore.swift in Sources */ = {isa = PBXBuildFile; fileRef = E813C37B1E538E6E00F93F95 /* ActivityItemStore.swift */; };
		E84BE37B1E4A4BC6004359DE /* AppDelegate.swift in Sources */ = {isa = PBXBuildFile; fileRef = E84BE37A1E4A4BC6004359DE /* AppDelegate.swift */; };
		E84BE37D1E4A4BC6004359DE /* OnboardingViewController.swift in Sources */ = {isa = PBXBuildFile; fileRef = E84BE37C1E4A4BC6004359DE /* OnboardingViewController.swift */; };
		E84BE3801E4A4BC6004359DE /* Main.storyboard in Resources */ = {isa = PBXBuildFile; fileRef = E84BE37E1E4A4BC6004359DE /* Main.storyboard */; };
		E84BE3821E4A4BC6004359DE /* Assets.xcassets in Resources */ = {isa = PBXBuildFile; fileRef = E84BE3811E4A4BC6004359DE /* Assets.xcassets */; };
		E84BE3851E4A4BC6004359DE /* LaunchScreen.storyboard in Resources */ = {isa = PBXBuildFile; fileRef = E84BE3831E4A4BC6004359DE /* LaunchScreen.storyboard */; };
		E84BE3901E4A4BC6004359DE /* informedPublicTests.swift in Sources */ = {isa = PBXBuildFile; fileRef = E84BE38F1E4A4BC6004359DE /* informedPublicTests.swift */; };
		E84BE39B1E4A4BC6004359DE /* informedPublicUITests.swift in Sources */ = {isa = PBXBuildFile; fileRef = E84BE39A1E4A4BC6004359DE /* informedPublicUITests.swift */; };
		E84BE3A91E4A8C23004359DE /* OpenStatesAPI.swift in Sources */ = {isa = PBXBuildFile; fileRef = E84BE3A81E4A8C23004359DE /* OpenStatesAPI.swift */; };
		E84BE3AB1E4B6385004359DE /* Legislator.swift in Sources */ = {isa = PBXBuildFile; fileRef = E84BE3AA1E4B6385004359DE /* Legislator.swift */; };
		E84BE3AF1E4BCF67004359DE /* ImageStore.swift in Sources */ = {isa = PBXBuildFile; fileRef = E84BE3AE1E4BCF67004359DE /* ImageStore.swift */; };
		E88E4CEF1E4E212600EF2E76 /* ActivityCell.swift in Sources */ = {isa = PBXBuildFile; fileRef = E88E4CEE1E4E212600EF2E76 /* ActivityCell.swift */; };
		E8BF59271E4CD697008365F4 /* ActivityFeedController.swift in Sources */ = {isa = PBXBuildFile; fileRef = E8BF59261E4CD697008365F4 /* ActivityFeedController.swift */; };
		E8BF59291E4CD7E9008365F4 /* ActivityItem.swift in Sources */ = {isa = PBXBuildFile; fileRef = E8BF59281E4CD7E9008365F4 /* ActivityItem.swift */; };
		E8BF592B1E4CD98B008365F4 /* Legislation.swift in Sources */ = {isa = PBXBuildFile; fileRef = E8BF592A1E4CD98B008365F4 /* Legislation.swift */; };
		E8F8178B1E4E4EC100155A5D /* NewsSearchAPI.swift in Sources */ = {isa = PBXBuildFile; fileRef = E8F8178A1E4E4EC100155A5D /* NewsSearchAPI.swift */; };
		E8F8178D1E4E503F00155A5D /* NewsArticle.swift in Sources */ = {isa = PBXBuildFile; fileRef = E8F8178C1E4E503F00155A5D /* NewsArticle.swift */; };
/* End PBXBuildFile section */

/* Begin PBXContainerItemProxy section */
		E84BE38C1E4A4BC6004359DE /* PBXContainerItemProxy */ = {
			isa = PBXContainerItemProxy;
			containerPortal = E84BE36F1E4A4BC6004359DE /* Project object */;
			proxyType = 1;
			remoteGlobalIDString = E84BE3761E4A4BC6004359DE;
			remoteInfo = informedPublic;
		};
		E84BE3971E4A4BC6004359DE /* PBXContainerItemProxy */ = {
			isa = PBXContainerItemProxy;
			containerPortal = E84BE36F1E4A4BC6004359DE /* Project object */;
			proxyType = 1;
			remoteGlobalIDString = E84BE3761E4A4BC6004359DE;
			remoteInfo = informedPublic;
		};
/* End PBXContainerItemProxy section */

/* Begin PBXFileReference section */
		E800AC511E51FA5700187854 /* articleJSON */ = {isa = PBXFileReference; fileEncoding = 4; lastKnownFileType = text; path = articleJSON; sourceTree = "<group>"; };
		E800AC531E52047F00187854 /* legislationJSON */ = {isa = PBXFileReference; fileEncoding = 4; lastKnownFileType = text; path = legislationJSON; sourceTree = "<group>"; };
		E800AC551E5206AD00187854 /* legislatorJSON */ = {isa = PBXFileReference; fileEncoding = 4; lastKnownFileType = text; path = legislatorJSON; sourceTree = "<group>"; };
		E813C3791E524D6A00F93F95 /* UserDefaultsManager.swift */ = {isa = PBXFileReference; fileEncoding = 4; lastKnownFileType = sourcecode.swift; path = UserDefaultsManager.swift; sourceTree = "<group>"; };
		E813C37B1E538E6E00F93F95 /* ActivityItemStore.swift */ = {isa = PBXFileReference; fileEncoding = 4; lastKnownFileType = sourcecode.swift; path = ActivityItemStore.swift; sourceTree = "<group>"; };
		E84BE3771E4A4BC6004359DE /* informedPublic.app */ = {isa = PBXFileReference; explicitFileType = wrapper.application; includeInIndex = 0; path = informedPublic.app; sourceTree = BUILT_PRODUCTS_DIR; };
		E84BE37A1E4A4BC6004359DE /* AppDelegate.swift */ = {isa = PBXFileReference; lastKnownFileType = sourcecode.swift; path = AppDelegate.swift; sourceTree = "<group>"; };
		E84BE37C1E4A4BC6004359DE /* OnboardingViewController.swift */ = {isa = PBXFileReference; lastKnownFileType = sourcecode.swift; path = OnboardingViewController.swift; sourceTree = "<group>"; };
		E84BE37F1E4A4BC6004359DE /* Base */ = {isa = PBXFileReference; lastKnownFileType = file.storyboard; name = Base; path = Base.lproj/Main.storyboard; sourceTree = "<group>"; };
		E84BE3811E4A4BC6004359DE /* Assets.xcassets */ = {isa = PBXFileReference; lastKnownFileType = folder.assetcatalog; path = Assets.xcassets; sourceTree = "<group>"; };
		E84BE3841E4A4BC6004359DE /* Base */ = {isa = PBXFileReference; lastKnownFileType = file.storyboard; name = Base; path = Base.lproj/LaunchScreen.storyboard; sourceTree = "<group>"; };
		E84BE3861E4A4BC6004359DE /* Info.plist */ = {isa = PBXFileReference; lastKnownFileType = text.plist.xml; path = Info.plist; sourceTree = "<group>"; };
		E84BE38B1E4A4BC6004359DE /* informedPublicTests.xctest */ = {isa = PBXFileReference; explicitFileType = wrapper.cfbundle; includeInIndex = 0; path = informedPublicTests.xctest; sourceTree = BUILT_PRODUCTS_DIR; };
		E84BE38F1E4A4BC6004359DE /* informedPublicTests.swift */ = {isa = PBXFileReference; lastKnownFileType = sourcecode.swift; path = informedPublicTests.swift; sourceTree = "<group>"; };
		E84BE3911E4A4BC6004359DE /* Info.plist */ = {isa = PBXFileReference; lastKnownFileType = text.plist.xml; path = Info.plist; sourceTree = "<group>"; };
		E84BE3961E4A4BC6004359DE /* informedPublicUITests.xctest */ = {isa = PBXFileReference; explicitFileType = wrapper.cfbundle; includeInIndex = 0; path = informedPublicUITests.xctest; sourceTree = BUILT_PRODUCTS_DIR; };
		E84BE39A1E4A4BC6004359DE /* informedPublicUITests.swift */ = {isa = PBXFileReference; lastKnownFileType = sourcecode.swift; path = informedPublicUITests.swift; sourceTree = "<group>"; };
		E84BE39C1E4A4BC6004359DE /* Info.plist */ = {isa = PBXFileReference; lastKnownFileType = text.plist.xml; path = Info.plist; sourceTree = "<group>"; };
		E84BE3A81E4A8C23004359DE /* OpenStatesAPI.swift */ = {isa = PBXFileReference; fileEncoding = 4; lastKnownFileType = sourcecode.swift; path = OpenStatesAPI.swift; sourceTree = "<group>"; };
		E84BE3AA1E4B6385004359DE /* Legislator.swift */ = {isa = PBXFileReference; fileEncoding = 4; lastKnownFileType = sourcecode.swift; path = Legislator.swift; sourceTree = "<group>"; };
		E84BE3AE1E4BCF67004359DE /* ImageStore.swift */ = {isa = PBXFileReference; fileEncoding = 4; lastKnownFileType = sourcecode.swift; path = ImageStore.swift; sourceTree = "<group>"; };
		E88E4CEE1E4E212600EF2E76 /* ActivityCell.swift */ = {isa = PBXFileReference; fileEncoding = 4; lastKnownFileType = sourcecode.swift; path = ActivityCell.swift; sourceTree = "<group>"; };
		E8BF59261E4CD697008365F4 /* ActivityFeedController.swift */ = {isa = PBXFileReference; fileEncoding = 4; lastKnownFileType = sourcecode.swift; path = ActivityFeedController.swift; sourceTree = "<group>"; };
		E8BF59281E4CD7E9008365F4 /* ActivityItem.swift */ = {isa = PBXFileReference; fileEncoding = 4; lastKnownFileType = sourcecode.swift; path = ActivityItem.swift; sourceTree = "<group>"; };
		E8BF592A1E4CD98B008365F4 /* Legislation.swift */ = {isa = PBXFileReference; fileEncoding = 4; lastKnownFileType = sourcecode.swift; path = Legislation.swift; sourceTree = "<group>"; };
		E8F8178A1E4E4EC100155A5D /* NewsSearchAPI.swift */ = {isa = PBXFileReference; fileEncoding = 4; lastKnownFileType = sourcecode.swift; path = NewsSearchAPI.swift; sourceTree = "<group>"; };
		E8F8178C1E4E503F00155A5D /* NewsArticle.swift */ = {isa = PBXFileReference; fileEncoding = 4; lastKnownFileType = sourcecode.swift; path = NewsArticle.swift; sourceTree = "<group>"; };
/* End PBXFileReference section */

/* Begin PBXFrameworksBuildPhase section */
		E84BE3741E4A4BC6004359DE /* Frameworks */ = {
			isa = PBXFrameworksBuildPhase;
			buildActionMask = 2147483647;
			files = (
			);
			runOnlyForDeploymentPostprocessing = 0;
		};
		E84BE3881E4A4BC6004359DE /* Frameworks */ = {
			isa = PBXFrameworksBuildPhase;
			buildActionMask = 2147483647;
			files = (
			);
			runOnlyForDeploymentPostprocessing = 0;
		};
		E84BE3931E4A4BC6004359DE /* Frameworks */ = {
			isa = PBXFrameworksBuildPhase;
			buildActionMask = 2147483647;
			files = (
			);
			runOnlyForDeploymentPostprocessing = 0;
		};
/* End PBXFrameworksBuildPhase section */

/* Begin PBXGroup section */
		E84BE36E1E4A4BC6004359DE = {
			isa = PBXGroup;
			children = (
				E84BE3791E4A4BC6004359DE /* informedPublic */,
				E84BE38E1E4A4BC6004359DE /* informedPublicTests */,
				E84BE3991E4A4BC6004359DE /* informedPublicUITests */,
				E84BE3781E4A4BC6004359DE /* Products */,
			);
			sourceTree = "<group>";
		};
		E84BE3781E4A4BC6004359DE /* Products */ = {
			isa = PBXGroup;
			children = (
				E84BE3771E4A4BC6004359DE /* informedPublic.app */,
				E84BE38B1E4A4BC6004359DE /* informedPublicTests.xctest */,
				E84BE3961E4A4BC6004359DE /* informedPublicUITests.xctest */,
			);
			name = Products;
			sourceTree = "<group>";
		};
		E84BE3791E4A4BC6004359DE /* informedPublic */ = {
			isa = PBXGroup;
			children = (
				E84BE37A1E4A4BC6004359DE /* AppDelegate.swift */,
				E813C3791E524D6A00F93F95 /* UserDefaultsManager.swift */,
				E84BE37C1E4A4BC6004359DE /* OnboardingViewController.swift */,
				E8BF59261E4CD697008365F4 /* ActivityFeedController.swift */,
				E8BF59281E4CD7E9008365F4 /* ActivityItem.swift */,
				E813C37B1E538E6E00F93F95 /* ActivityItemStore.swift */,
				E8F8178C1E4E503F00155A5D /* NewsArticle.swift */,
				E84BE3A81E4A8C23004359DE /* OpenStatesAPI.swift */,
				E8F8178A1E4E4EC100155A5D /* NewsSearchAPI.swift */,
				E88E4CEE1E4E212600EF2E76 /* ActivityCell.swift */,
				E84BE3AE1E4BCF67004359DE /* ImageStore.swift */,
				E84BE3AA1E4B6385004359DE /* Legislator.swift */,
				E8BF592A1E4CD98B008365F4 /* Legislation.swift */,
				E84BE37E1E4A4BC6004359DE /* Main.storyboard */,
				E84BE3811E4A4BC6004359DE /* Assets.xcassets */,
				E84BE3831E4A4BC6004359DE /* LaunchScreen.storyboard */,
				E84BE3861E4A4BC6004359DE /* Info.plist */,
			);
			path = informedPublic;
			sourceTree = "<group>";
		};
		E84BE38E1E4A4BC6004359DE /* informedPublicTests */ = {
			isa = PBXGroup;
			children = (
				E84BE38F1E4A4BC6004359DE /* informedPublicTests.swift */,
				E800AC551E5206AD00187854 /* legislatorJSON */,
				E800AC531E52047F00187854 /* legislationJSON */,
				E800AC511E51FA5700187854 /* articleJSON */,
				E84BE3911E4A4BC6004359DE /* Info.plist */,
			);
			path = informedPublicTests;
			sourceTree = "<group>";
		};
		E84BE3991E4A4BC6004359DE /* informedPublicUITests */ = {
			isa = PBXGroup;
			children = (
				E84BE39A1E4A4BC6004359DE /* informedPublicUITests.swift */,
				E84BE39C1E4A4BC6004359DE /* Info.plist */,
			);
			path = informedPublicUITests;
			sourceTree = "<group>";
		};
/* End PBXGroup section */

/* Begin PBXNativeTarget section */
		E84BE3761E4A4BC6004359DE /* informedPublic */ = {
			isa = PBXNativeTarget;
			buildConfigurationList = E84BE39F1E4A4BC6004359DE /* Build configuration list for PBXNativeTarget "informedPublic" */;
			buildPhases = (
				E84BE3731E4A4BC6004359DE /* Sources */,
				E84BE3741E4A4BC6004359DE /* Frameworks */,
				E84BE3751E4A4BC6004359DE /* Resources */,
			);
			buildRules = (
			);
			dependencies = (
			);
			name = informedPublic;
			productName = informedPublic;
			productReference = E84BE3771E4A4BC6004359DE /* informedPublic.app */;
			productType = "com.apple.product-type.application";
		};
		E84BE38A1E4A4BC6004359DE /* informedPublicTests */ = {
			isa = PBXNativeTarget;
			buildConfigurationList = E84BE3A21E4A4BC6004359DE /* Build configuration list for PBXNativeTarget "informedPublicTests" */;
			buildPhases = (
				E84BE3871E4A4BC6004359DE /* Sources */,
				E84BE3881E4A4BC6004359DE /* Frameworks */,
				E84BE3891E4A4BC6004359DE /* Resources */,
			);
			buildRules = (
			);
			dependencies = (
				E84BE38D1E4A4BC6004359DE /* PBXTargetDependency */,
			);
			name = informedPublicTests;
			productName = informedPublicTests;
			productReference = E84BE38B1E4A4BC6004359DE /* informedPublicTests.xctest */;
			productType = "com.apple.product-type.bundle.unit-test";
		};
		E84BE3951E4A4BC6004359DE /* informedPublicUITests */ = {
			isa = PBXNativeTarget;
			buildConfigurationList = E84BE3A51E4A4BC6004359DE /* Build configuration list for PBXNativeTarget "informedPublicUITests" */;
			buildPhases = (
				E84BE3921E4A4BC6004359DE /* Sources */,
				E84BE3931E4A4BC6004359DE /* Frameworks */,
				E84BE3941E4A4BC6004359DE /* Resources */,
			);
			buildRules = (
			);
			dependencies = (
				E84BE3981E4A4BC6004359DE /* PBXTargetDependency */,
			);
			name = informedPublicUITests;
			productName = informedPublicUITests;
			productReference = E84BE3961E4A4BC6004359DE /* informedPublicUITests.xctest */;
			productType = "com.apple.product-type.bundle.ui-testing";
		};
/* End PBXNativeTarget section */

/* Begin PBXProject section */
		E84BE36F1E4A4BC6004359DE /* Project object */ = {
			isa = PBXProject;
			attributes = {
				LastSwiftUpdateCheck = 0820;
				LastUpgradeCheck = 0820;
				ORGANIZATIONNAME = dayj;
				TargetAttributes = {
					E84BE3761E4A4BC6004359DE = {
						CreatedOnToolsVersion = 8.2.1;
						DevelopmentTeam = CS59J7397A;
						ProvisioningStyle = Automatic;
					};
					E84BE38A1E4A4BC6004359DE = {
						CreatedOnToolsVersion = 8.2.1;
						DevelopmentTeam = CS59J7397A;
						ProvisioningStyle = Automatic;
						TestTargetID = E84BE3761E4A4BC6004359DE;
					};
					E84BE3951E4A4BC6004359DE = {
						CreatedOnToolsVersion = 8.2.1;
						DevelopmentTeam = CS59J7397A;
						ProvisioningStyle = Automatic;
						TestTargetID = E84BE3761E4A4BC6004359DE;
					};
				};
			};
			buildConfigurationList = E84BE3721E4A4BC6004359DE /* Build configuration list for PBXProject "informedPublic" */;
			compatibilityVersion = "Xcode 3.2";
			developmentRegion = English;
			hasScannedForEncodings = 0;
			knownRegions = (
				en,
				Base,
			);
			mainGroup = E84BE36E1E4A4BC6004359DE;
			productRefGroup = E84BE3781E4A4BC6004359DE /* Products */;
			projectDirPath = "";
			projectRoot = "";
			targets = (
				E84BE3761E4A4BC6004359DE /* informedPublic */,
				E84BE38A1E4A4BC6004359DE /* informedPublicTests */,
				E84BE3951E4A4BC6004359DE /* informedPublicUITests */,
			);
		};
/* End PBXProject section */

/* Begin PBXResourcesBuildPhase section */
		E84BE3751E4A4BC6004359DE /* Resources */ = {
			isa = PBXResourcesBuildPhase;
			buildActionMask = 2147483647;
			files = (
				E84BE3851E4A4BC6004359DE /* LaunchScreen.storyboard in Resources */,
				E84BE3821E4A4BC6004359DE /* Assets.xcassets in Resources */,
				E84BE3801E4A4BC6004359DE /* Main.storyboard in Resources */,
			);
			runOnlyForDeploymentPostprocessing = 0;
		};
		E84BE3891E4A4BC6004359DE /* Resources */ = {
			isa = PBXResourcesBuildPhase;
			buildActionMask = 2147483647;
			files = (
				E800AC561E5206AD00187854 /* legislatorJSON in Resources */,
				E800AC541E52047F00187854 /* legislationJSON in Resources */,
				E800AC521E51FA5700187854 /* articleJSON in Resources */,
			);
			runOnlyForDeploymentPostprocessing = 0;
		};
		E84BE3941E4A4BC6004359DE /* Resources */ = {
			isa = PBXResourcesBuildPhase;
			buildActionMask = 2147483647;
			files = (
			);
			runOnlyForDeploymentPostprocessing = 0;
		};
/* End PBXResourcesBuildPhase section */

/* Begin PBXSourcesBuildPhase section */
		E84BE3731E4A4BC6004359DE /* Sources */ = {
			isa = PBXSourcesBuildPhase;
			buildActionMask = 2147483647;
			files = (
				E8BF59271E4CD697008365F4 /* ActivityFeedController.swift in Sources */,
				E84BE37D1E4A4BC6004359DE /* OnboardingViewController.swift in Sources */,
				E813C37A1E524D6A00F93F95 /* UserDefaultsManager.swift in Sources */,
				E84BE3AB1E4B6385004359DE /* Legislator.swift in Sources */,
				E84BE3AF1E4BCF67004359DE /* ImageStore.swift in Sources */,
				E88E4CEF1E4E212600EF2E76 /* ActivityCell.swift in Sources */,
				E8BF59291E4CD7E9008365F4 /* ActivityItem.swift in Sources */,
				E84BE3A91E4A8C23004359DE /* OpenStatesAPI.swift in Sources */,
				E84BE37B1E4A4BC6004359DE /* AppDelegate.swift in Sources */,
				E813C37C1E538E6E00F93F95 /* ActivityItemStore.swift in Sources */,
				E8F8178D1E4E503F00155A5D /* NewsArticle.swift in Sources */,
				E8BF592B1E4CD98B008365F4 /* Legislation.swift in Sources */,
				E8F8178B1E4E4EC100155A5D /* NewsSearchAPI.swift in Sources */,
			);
			runOnlyForDeploymentPostprocessing = 0;
		};
		E84BE3871E4A4BC6004359DE /* Sources */ = {
			isa = PBXSourcesBuildPhase;
			buildActionMask = 2147483647;
			files = (
				E84BE3901E4A4BC6004359DE /* informedPublicTests.swift in Sources */,
			);
			runOnlyForDeploymentPostprocessing = 0;
		};
		E84BE3921E4A4BC6004359DE /* Sources */ = {
			isa = PBXSourcesBuildPhase;
			buildActionMask = 2147483647;
			files = (
				E84BE39B1E4A4BC6004359DE /* informedPublicUITests.swift in Sources */,
			);
			runOnlyForDeploymentPostprocessing = 0;
		};
/* End PBXSourcesBuildPhase section */

/* Begin PBXTargetDependency section */
		E84BE38D1E4A4BC6004359DE /* PBXTargetDependency */ = {
			isa = PBXTargetDependency;
			target = E84BE3761E4A4BC6004359DE /* informedPublic */;
			targetProxy = E84BE38C1E4A4BC6004359DE /* PBXContainerItemProxy */;
		};
		E84BE3981E4A4BC6004359DE /* PBXTargetDependency */ = {
			isa = PBXTargetDependency;
			target = E84BE3761E4A4BC6004359DE /* informedPublic */;
			targetProxy = E84BE3971E4A4BC6004359DE /* PBXContainerItemProxy */;
		};
/* End PBXTargetDependency section */

/* Begin PBXVariantGroup section */
		E84BE37E1E4A4BC6004359DE /* Main.storyboard */ = {
			isa = PBXVariantGroup;
			children = (
				E84BE37F1E4A4BC6004359DE /* Base */,
			);
			name = Main.storyboard;
			sourceTree = "<group>";
		};
		E84BE3831E4A4BC6004359DE /* LaunchScreen.storyboard */ = {
			isa = PBXVariantGroup;
			children = (
				E84BE3841E4A4BC6004359DE /* Base */,
			);
			name = LaunchScreen.storyboard;
			sourceTree = "<group>";
		};
/* End PBXVariantGroup section */

/* Begin XCBuildConfiguration section */
		E84BE39D1E4A4BC6004359DE /* Debug */ = {
			isa = XCBuildConfiguration;
			buildSettings = {
				ALWAYS_SEARCH_USER_PATHS = NO;
				CLANG_ANALYZER_NONNULL = YES;
				CLANG_CXX_LANGUAGE_STANDARD = "gnu++0x";
				CLANG_CXX_LIBRARY = "libc++";
				CLANG_ENABLE_MODULES = YES;
				CLANG_ENABLE_OBJC_ARC = YES;
				CLANG_WARN_BOOL_CONVERSION = YES;
				CLANG_WARN_CONSTANT_CONVERSION = YES;
				CLANG_WARN_DIRECT_OBJC_ISA_USAGE = YES_ERROR;
				CLANG_WARN_DOCUMENTATION_COMMENTS = YES;
				CLANG_WARN_EMPTY_BODY = YES;
				CLANG_WARN_ENUM_CONVERSION = YES;
				CLANG_WARN_INFINITE_RECURSION = YES;
				CLANG_WARN_INT_CONVERSION = YES;
				CLANG_WARN_OBJC_ROOT_CLASS = YES_ERROR;
				CLANG_WARN_SUSPICIOUS_MOVE = YES;
				CLANG_WARN_UNREACHABLE_CODE = YES;
				CLANG_WARN__DUPLICATE_METHOD_MATCH = YES;
				"CODE_SIGN_IDENTITY[sdk=iphoneos*]" = "iPhone Developer";
				COPY_PHASE_STRIP = NO;
				DEBUG_INFORMATION_FORMAT = dwarf;
				ENABLE_STRICT_OBJC_MSGSEND = YES;
				ENABLE_TESTABILITY = YES;
				GCC_C_LANGUAGE_STANDARD = gnu99;
				GCC_DYNAMIC_NO_PIC = NO;
				GCC_NO_COMMON_BLOCKS = YES;
				GCC_OPTIMIZATION_LEVEL = 0;
				GCC_PREPROCESSOR_DEFINITIONS = (
					"DEBUG=1",
					"$(inherited)",
				);
				GCC_WARN_64_TO_32_BIT_CONVERSION = YES;
				GCC_WARN_ABOUT_RETURN_TYPE = YES_ERROR;
				GCC_WARN_UNDECLARED_SELECTOR = YES;
				GCC_WARN_UNINITIALIZED_AUTOS = YES_AGGRESSIVE;
				GCC_WARN_UNUSED_FUNCTION = YES;
				GCC_WARN_UNUSED_VARIABLE = YES;
				IPHONEOS_DEPLOYMENT_TARGET = 10.2;
				MTL_ENABLE_DEBUG_INFO = YES;
				ONLY_ACTIVE_ARCH = YES;
				SDKROOT = iphoneos;
				SWIFT_ACTIVE_COMPILATION_CONDITIONS = DEBUG;
				SWIFT_OPTIMIZATION_LEVEL = "-Onone";
			};
			name = Debug;
		};
		E84BE39E1E4A4BC6004359DE /* Release */ = {
			isa = XCBuildConfiguration;
			buildSettings = {
				ALWAYS_SEARCH_USER_PATHS = NO;
				CLANG_ANALYZER_NONNULL = YES;
				CLANG_CXX_LANGUAGE_STANDARD = "gnu++0x";
				CLANG_CXX_LIBRARY = "libc++";
				CLANG_ENABLE_MODULES = YES;
				CLANG_ENABLE_OBJC_ARC = YES;
				CLANG_WARN_BOOL_CONVERSION = YES;
				CLANG_WARN_CONSTANT_CONVERSION = YES;
				CLANG_WARN_DIRECT_OBJC_ISA_USAGE = YES_ERROR;
				CLANG_WARN_DOCUMENTATION_COMMENTS = YES;
				CLANG_WARN_EMPTY_BODY = YES;
				CLANG_WARN_ENUM_CONVERSION = YES;
				CLANG_WARN_INFINITE_RECURSION = YES;
				CLANG_WARN_INT_CONVERSION = YES;
				CLANG_WARN_OBJC_ROOT_CLASS = YES_ERROR;
				CLANG_WARN_SUSPICIOUS_MOVE = YES;
				CLANG_WARN_UNREACHABLE_CODE = YES;
				CLANG_WARN__DUPLICATE_METHOD_MATCH = YES;
				"CODE_SIGN_IDENTITY[sdk=iphoneos*]" = "iPhone Developer";
				COPY_PHASE_STRIP = NO;
				DEBUG_INFORMATION_FORMAT = "dwarf-with-dsym";
				ENABLE_NS_ASSERTIONS = NO;
				ENABLE_STRICT_OBJC_MSGSEND = YES;
				GCC_C_LANGUAGE_STANDARD = gnu99;
				GCC_NO_COMMON_BLOCKS = YES;
				GCC_WARN_64_TO_32_BIT_CONVERSION = YES;
				GCC_WARN_ABOUT_RETURN_TYPE = YES_ERROR;
				GCC_WARN_UNDECLARED_SELECTOR = YES;
				GCC_WARN_UNINITIALIZED_AUTOS = YES_AGGRESSIVE;
				GCC_WARN_UNUSED_FUNCTION = YES;
				GCC_WARN_UNUSED_VARIABLE = YES;
				IPHONEOS_DEPLOYMENT_TARGET = 10.2;
				MTL_ENABLE_DEBUG_INFO = NO;
				SDKROOT = iphoneos;
				SWIFT_OPTIMIZATION_LEVEL = "-Owholemodule";
				VALIDATE_PRODUCT = YES;
			};
			name = Release;
		};
		E84BE3A01E4A4BC6004359DE /* Debug */ = {
			isa = XCBuildConfiguration;
			buildSettings = {
				ASSETCATALOG_COMPILER_APPICON_NAME = AppIcon;
				DEVELOPMENT_TEAM = CS59J7397A;
				INFOPLIST_FILE = informedPublic/Info.plist;
				LD_RUNPATH_SEARCH_PATHS = "$(inherited) @executable_path/Frameworks";
				PRODUCT_BUNDLE_IDENTIFIER = dayj.informedPublic;
				PRODUCT_NAME = "$(TARGET_NAME)";
				SWIFT_VERSION = 3.0;
			};
			name = Debug;
		};
		E84BE3A11E4A4BC6004359DE /* Release */ = {
			isa = XCBuildConfiguration;
			buildSettings = {
				ASSETCATALOG_COMPILER_APPICON_NAME = AppIcon;
				DEVELOPMENT_TEAM = CS59J7397A;
				INFOPLIST_FILE = informedPublic/Info.plist;
				LD_RUNPATH_SEARCH_PATHS = "$(inherited) @executable_path/Frameworks";
				PRODUCT_BUNDLE_IDENTIFIER = dayj.informedPublic;
				PRODUCT_NAME = "$(TARGET_NAME)";
				SWIFT_VERSION = 3.0;
			};
			name = Release;
		};
		E84BE3A31E4A4BC6004359DE /* Debug */ = {
			isa = XCBuildConfiguration;
			buildSettings = {
				ALWAYS_EMBED_SWIFT_STANDARD_LIBRARIES = YES;
				BUNDLE_LOADER = "$(TEST_HOST)";
				DEVELOPMENT_TEAM = CS59J7397A;
				INFOPLIST_FILE = informedPublicTests/Info.plist;
				LD_RUNPATH_SEARCH_PATHS = "$(inherited) @executable_path/Frameworks @loader_path/Frameworks";
				PRODUCT_BUNDLE_IDENTIFIER = dayj.informedPublicTests;
				PRODUCT_NAME = "$(TARGET_NAME)";
				SWIFT_VERSION = 3.0;
				TEST_HOST = "$(BUILT_PRODUCTS_DIR)/informedPublic.app/informedPublic";
			};
			name = Debug;
		};
		E84BE3A41E4A4BC6004359DE /* Release */ = {
			isa = XCBuildConfiguration;
			buildSettings = {
				ALWAYS_EMBED_SWIFT_STANDARD_LIBRARIES = YES;
				BUNDLE_LOADER = "$(TEST_HOST)";
				DEVELOPMENT_TEAM = CS59J7397A;
				INFOPLIST_FILE = informedPublicTests/Info.plist;
				LD_RUNPATH_SEARCH_PATHS = "$(inherited) @executable_path/Frameworks @loader_path/Frameworks";
				PRODUCT_BUNDLE_IDENTIFIER = dayj.informedPublicTests;
				PRODUCT_NAME = "$(TARGET_NAME)";
				SWIFT_VERSION = 3.0;
				TEST_HOST = "$(BUILT_PRODUCTS_DIR)/informedPublic.app/informedPublic";
			};
			name = Release;
		};
		E84BE3A61E4A4BC6004359DE /* Debug */ = {
			isa = XCBuildConfiguration;
			buildSettings = {
				ALWAYS_EMBED_SWIFT_STANDARD_LIBRARIES = YES;
				DEVELOPMENT_TEAM = CS59J7397A;
				INFOPLIST_FILE = informedPublicUITests/Info.plist;
				LD_RUNPATH_SEARCH_PATHS = "$(inherited) @executable_path/Frameworks @loader_path/Frameworks";
				PRODUCT_BUNDLE_IDENTIFIER = dayj.informedPublicUITests;
				PRODUCT_NAME = "$(TARGET_NAME)";
				SWIFT_VERSION = 3.0;
				TEST_TARGET_NAME = informedPublic;
			};
			name = Debug;
		};
		E84BE3A71E4A4BC6004359DE /* Release */ = {
			isa = XCBuildConfiguration;
			buildSettings = {
				ALWAYS_EMBED_SWIFT_STANDARD_LIBRARIES = YES;
				DEVELOPMENT_TEAM = CS59J7397A;
				INFOPLIST_FILE = informedPublicUITests/Info.plist;
				LD_RUNPATH_SEARCH_PATHS = "$(inherited) @executable_path/Frameworks @loader_path/Frameworks";
				PRODUCT_BUNDLE_IDENTIFIER = dayj.informedPublicUITests;
				PRODUCT_NAME = "$(TARGET_NAME)";
				SWIFT_VERSION = 3.0;
				TEST_TARGET_NAME = informedPublic;
			};
			name = Release;
		};
/* End XCBuildConfiguration section */

/* Begin XCConfigurationList section */
		E84BE3721E4A4BC6004359DE /* Build configuration list for PBXProject "informedPublic" */ = {
			isa = XCConfigurationList;
			buildConfigurations = (
				E84BE39D1E4A4BC6004359DE /* Debug */,
				E84BE39E1E4A4BC6004359DE /* Release */,
			);
			defaultConfigurationIsVisible = 0;
			defaultConfigurationName = Release;
		};
		E84BE39F1E4A4BC6004359DE /* Build configuration list for PBXNativeTarget "informedPublic" */ = {
			isa = XCConfigurationList;
			buildConfigurations = (
				E84BE3A01E4A4BC6004359DE /* Debug */,
				E84BE3A11E4A4BC6004359DE /* Release */,
			);
			defaultConfigurationIsVisible = 0;
			defaultConfigurationName = Release;
		};
		E84BE3A21E4A4BC6004359DE /* Build configuration list for PBXNativeTarget "informedPublicTests" */ = {
			isa = XCConfigurationList;
			buildConfigurations = (
				E84BE3A31E4A4BC6004359DE /* Debug */,
				E84BE3A41E4A4BC6004359DE /* Release */,
			);
			defaultConfigurationIsVisible = 0;
			defaultConfigurationName = Release;
		};
		E84BE3A51E4A4BC6004359DE /* Build configuration list for PBXNativeTarget "informedPublicUITests" */ = {
			isa = XCConfigurationList;
			buildConfigurations = (
				E84BE3A61E4A4BC6004359DE /* Debug */,
				E84BE3A71E4A4BC6004359DE /* Release */,
			);
			defaultConfigurationIsVisible = 0;
			defaultConfigurationName = Release;
		};
/* End XCConfigurationList section */
	};
	rootObject = E84BE36F1E4A4BC6004359DE /* Project object */;
}
