// !$*UTF8*$!
{
	archiveVersion = 1;
	classes = {
	};
	objectVersion = 46;
	objects = {

/* Begin PBXBuildFile section */
		E813C37A1E524D6A00F93F95 /* UserDefaultsManager.swift in Sources */ = {isa = PBXBuildFile; fileRef = E813C3791E524D6A00F93F95 /* UserDefaultsManager.swift */; };
		E813C37C1E538E6E00F93F95 /* ActivityItemStore.swift in Sources */ = {isa = PBXBuildFile; fileRef = E813C37B1E538E6E00F93F95 /* ActivityItemStore.swift */; };
		E813C3821E53A75100F93F95 /* glassHouses.xcdatamodeld in Sources */ = {isa = PBXBuildFile; fileRef = E813C3801E53A75100F93F95 /* glassHouses.xcdatamodeld */; };
		E8185C491E5F52A000462C8F /* JSON in Resources */ = {isa = PBXBuildFile; fileRef = E8185C481E5F52A000462C8F /* JSON */; };
		E8185C851E5F6AEF00462C8F /* allUpper in Resources */ = {isa = PBXBuildFile; fileRef = E8185C841E5F6AEE00462C8F /* allUpper */; };
		E83A86B81E92CCB800C04E1E /* GlassHousesAPI.swift in Sources */ = {isa = PBXBuildFile; fileRef = E83A86B71E92CCB800C04E1E /* GlassHousesAPI.swift */; };
		E84BE37B1E4A4BC6004359DE /* AppDelegate.swift in Sources */ = {isa = PBXBuildFile; fileRef = E84BE37A1E4A4BC6004359DE /* AppDelegate.swift */; };
		E84BE37D1E4A4BC6004359DE /* OnboardingViewController.swift in Sources */ = {isa = PBXBuildFile; fileRef = E84BE37C1E4A4BC6004359DE /* OnboardingViewController.swift */; };
		E84BE3801E4A4BC6004359DE /* Main.storyboard in Resources */ = {isa = PBXBuildFile; fileRef = E84BE37E1E4A4BC6004359DE /* Main.storyboard */; };
		E84BE3821E4A4BC6004359DE /* Assets.xcassets in Resources */ = {isa = PBXBuildFile; fileRef = E84BE3811E4A4BC6004359DE /* Assets.xcassets */; };
		E84BE3851E4A4BC6004359DE /* LaunchScreen.storyboard in Resources */ = {isa = PBXBuildFile; fileRef = E84BE3831E4A4BC6004359DE /* LaunchScreen.storyboard */; };
		E84BE3901E4A4BC6004359DE /* glassHousesTests.swift in Sources */ = {isa = PBXBuildFile; fileRef = E84BE38F1E4A4BC6004359DE /* glassHousesTests.swift */; };
		E84BE39B1E4A4BC6004359DE /* glassHousesUITests.swift in Sources */ = {isa = PBXBuildFile; fileRef = E84BE39A1E4A4BC6004359DE /* glassHousesUITests.swift */; };
		E84BE3AB1E4B6385004359DE /* Legislator.swift in Sources */ = {isa = PBXBuildFile; fileRef = E84BE3AA1E4B6385004359DE /* Legislator.swift */; };
		E84BE3AF1E4BCF67004359DE /* ImageStore.swift in Sources */ = {isa = PBXBuildFile; fileRef = E84BE3AE1E4BCF67004359DE /* ImageStore.swift */; };
		E8686CA91E70AA3300A13449 /* Fabric.framework in Frameworks */ = {isa = PBXBuildFile; fileRef = E8686CA71E70AA3300A13449 /* Fabric.framework */; };
		E8686CAA1E70AA3300A13449 /* Crashlytics.framework in Frameworks */ = {isa = PBXBuildFile; fileRef = E8686CA81E70AA3300A13449 /* Crashlytics.framework */; };
		E8686CB41E71F9F100A13449 /* JSONHelper.swift in Sources */ = {isa = PBXBuildFile; fileRef = E8686CB31E71F9F100A13449 /* JSONHelper.swift */; };
		E8686CB61E770F8400A13449 /* API.plist in Resources */ = {isa = PBXBuildFile; fileRef = E8686CB51E770F8400A13449 /* API.plist */; };
		E868F9E21E7C84D1007F1FFE /* UserNotifications.framework in Frameworks */ = {isa = PBXBuildFile; fileRef = E868F9E11E7C84D1007F1FFE /* UserNotifications.framework */; };
		E88E4CEF1E4E212600EF2E76 /* ActivityCell.swift in Sources */ = {isa = PBXBuildFile; fileRef = E88E4CEE1E4E212600EF2E76 /* ActivityCell.swift */; };
		E895A13A1E5626BB0035AF48 /* Article+CoreDataClass.swift in Sources */ = {isa = PBXBuildFile; fileRef = E895A1381E5626BB0035AF48 /* Article+CoreDataClass.swift */; };
		E895A13B1E5626BB0035AF48 /* Article+CoreDataProperties.swift in Sources */ = {isa = PBXBuildFile; fileRef = E895A1391E5626BB0035AF48 /* Article+CoreDataProperties.swift */; };
		E89F14431EA5035D00D43F25 /* Legislator+CoreDataClass.swift in Sources */ = {isa = PBXBuildFile; fileRef = E89F14421EA5035D00D43F25 /* Legislator+CoreDataClass.swift */; };
		E8BF59271E4CD697008365F4 /* ActivityFeedController.swift in Sources */ = {isa = PBXBuildFile; fileRef = E8BF59261E4CD697008365F4 /* ActivityFeedController.swift */; };
		E8BF59291E4CD7E9008365F4 /* ActivityItem.swift in Sources */ = {isa = PBXBuildFile; fileRef = E8BF59281E4CD7E9008365F4 /* ActivityItem.swift */; };
		E8DEEF091E57732D004AF755 /* LegislationDetailViewController.swift in Sources */ = {isa = PBXBuildFile; fileRef = E8DEEF081E57732D004AF755 /* LegislationDetailViewController.swift */; };
		E8DEEF0E1E5774C6004AF755 /* LegislationStatusView.swift in Sources */ = {isa = PBXBuildFile; fileRef = E8DEEF0D1E5774C6004AF755 /* LegislationStatusView.swift */; };
		E8DEEF111E58D9FE004AF755 /* SponserCollectionCell.swift in Sources */ = {isa = PBXBuildFile; fileRef = E8DEEF101E58D9FE004AF755 /* SponserCollectionCell.swift */; };
		E8F8178B1E4E4EC100155A5D /* NewsSearchAPI.swift in Sources */ = {isa = PBXBuildFile; fileRef = E8F8178A1E4E4EC100155A5D /* NewsSearchAPI.swift */; };
		E8F8178D1E4E503F00155A5D /* NewsArticle.swift in Sources */ = {isa = PBXBuildFile; fileRef = E8F8178C1E4E503F00155A5D /* NewsArticle.swift */; };
		E8FFE5581E9FCC8800C187CD /* Webservice.swift in Sources */ = {isa = PBXBuildFile; fileRef = E8FFE5571E9FCC8800C187CD /* Webservice.swift */; };
		E8FFE55A1EA039B100C187CD /* Environment.swift in Sources */ = {isa = PBXBuildFile; fileRef = E8FFE5591EA039B100C187CD /* Environment.swift */; };
		E8FFE55D1EA1269900C187CD /* Legislation+CoreDataClass.swift in Sources */ = {isa = PBXBuildFile; fileRef = E8FFE55B1EA1269900C187CD /* Legislation+CoreDataClass.swift */; };
		E8FFE56A1EA13CF400C187CD /* Legislation+CoreDataProperties.swift in Sources */ = {isa = PBXBuildFile; fileRef = E8FFE5691EA13CF300C187CD /* Legislation+CoreDataProperties.swift */; };
		E8FFE58F1EA502CB00C187CD /* Legislator+CoreDataProperties.swift in Sources */ = {isa = PBXBuildFile; fileRef = E8FFE58E1EA502CB00C187CD /* Legislator+CoreDataProperties.swift */; };
/* End PBXBuildFile section */

/* Begin PBXContainerItemProxy section */
		E84BE38C1E4A4BC6004359DE /* PBXContainerItemProxy */ = {
			isa = PBXContainerItemProxy;
			containerPortal = E84BE36F1E4A4BC6004359DE /* Project object */;
			proxyType = 1;
			remoteGlobalIDString = E84BE3761E4A4BC6004359DE;
			remoteInfo = informedPublic;
		};
		E84BE3971E4A4BC6004359DE /* PBXContainerItemProxy */ = {
			isa = PBXContainerItemProxy;
			containerPortal = E84BE36F1E4A4BC6004359DE /* Project object */;
			proxyType = 1;
			remoteGlobalIDString = E84BE3761E4A4BC6004359DE;
			remoteInfo = informedPublic;
		};
/* End PBXContainerItemProxy section */

/* Begin PBXFileReference section */
		E813C3791E524D6A00F93F95 /* UserDefaultsManager.swift */ = {isa = PBXFileReference; fileEncoding = 4; lastKnownFileType = sourcecode.swift; path = UserDefaultsManager.swift; sourceTree = "<group>"; };
		E813C37B1E538E6E00F93F95 /* ActivityItemStore.swift */ = {isa = PBXFileReference; fileEncoding = 4; lastKnownFileType = sourcecode.swift; path = ActivityItemStore.swift; sourceTree = "<group>"; };
		E813C3811E53A75100F93F95 /* glassHouses.xcdatamodel */ = {isa = PBXFileReference; lastKnownFileType = wrapper.xcdatamodel; path = glassHouses.xcdatamodel; sourceTree = "<group>"; };
		E8185C481E5F52A000462C8F /* JSON */ = {isa = PBXFileReference; lastKnownFileType = folder; path = JSON; sourceTree = "<group>"; };
		E8185C841E5F6AEE00462C8F /* allUpper */ = {isa = PBXFileReference; fileEncoding = 4; lastKnownFileType = text; path = allUpper; sourceTree = "<group>"; };
		E83A86B71E92CCB800C04E1E /* GlassHousesAPI.swift */ = {isa = PBXFileReference; fileEncoding = 4; lastKnownFileType = sourcecode.swift; path = GlassHousesAPI.swift; sourceTree = "<group>"; };
		E84BE3771E4A4BC6004359DE /* glassHouses.app */ = {isa = PBXFileReference; explicitFileType = wrapper.application; includeInIndex = 0; path = glassHouses.app; sourceTree = BUILT_PRODUCTS_DIR; };
		E84BE37A1E4A4BC6004359DE /* AppDelegate.swift */ = {isa = PBXFileReference; lastKnownFileType = sourcecode.swift; path = AppDelegate.swift; sourceTree = "<group>"; };
		E84BE37C1E4A4BC6004359DE /* OnboardingViewController.swift */ = {isa = PBXFileReference; lastKnownFileType = sourcecode.swift; path = OnboardingViewController.swift; sourceTree = "<group>"; };
		E84BE37F1E4A4BC6004359DE /* Base */ = {isa = PBXFileReference; lastKnownFileType = file.storyboard; name = Base; path = Base.lproj/Main.storyboard; sourceTree = "<group>"; };
		E84BE3811E4A4BC6004359DE /* Assets.xcassets */ = {isa = PBXFileReference; lastKnownFileType = folder.assetcatalog; name = Assets.xcassets; path = ../glassHouses/Assets.xcassets; sourceTree = "<group>"; };
		E84BE3841E4A4BC6004359DE /* Base */ = {isa = PBXFileReference; lastKnownFileType = file.storyboard; name = Base; path = Base.lproj/LaunchScreen.storyboard; sourceTree = "<group>"; };
		E84BE3861E4A4BC6004359DE /* Info.plist */ = {isa = PBXFileReference; lastKnownFileType = text.plist.xml; name = Info.plist; path = ../glassHouses/Info.plist; sourceTree = "<group>"; };
		E84BE38B1E4A4BC6004359DE /* glassHousesTests.xctest */ = {isa = PBXFileReference; explicitFileType = wrapper.cfbundle; includeInIndex = 0; path = glassHousesTests.xctest; sourceTree = BUILT_PRODUCTS_DIR; };
		E84BE38F1E4A4BC6004359DE /* glassHousesTests.swift */ = {isa = PBXFileReference; lastKnownFileType = sourcecode.swift; path = glassHousesTests.swift; sourceTree = "<group>"; };
		E84BE3911E4A4BC6004359DE /* Info.plist */ = {isa = PBXFileReference; lastKnownFileType = text.plist.xml; path = Info.plist; sourceTree = "<group>"; };
		E84BE3961E4A4BC6004359DE /* glassHousesUITests.xctest */ = {isa = PBXFileReference; explicitFileType = wrapper.cfbundle; includeInIndex = 0; path = glassHousesUITests.xctest; sourceTree = BUILT_PRODUCTS_DIR; };
		E84BE39A1E4A4BC6004359DE /* glassHousesUITests.swift */ = {isa = PBXFileReference; lastKnownFileType = sourcecode.swift; path = glassHousesUITests.swift; sourceTree = "<group>"; };
		E84BE39C1E4A4BC6004359DE /* Info.plist */ = {isa = PBXFileReference; lastKnownFileType = text.plist.xml; path = Info.plist; sourceTree = "<group>"; };
		E84BE3AA1E4B6385004359DE /* Legislator.swift */ = {isa = PBXFileReference; fileEncoding = 4; lastKnownFileType = sourcecode.swift; path = Legislator.swift; sourceTree = "<group>"; };
		E84BE3AE1E4BCF67004359DE /* ImageStore.swift */ = {isa = PBXFileReference; fileEncoding = 4; lastKnownFileType = sourcecode.swift; path = ImageStore.swift; sourceTree = "<group>"; };
		E8686CA71E70AA3300A13449 /* Fabric.framework */ = {isa = PBXFileReference; lastKnownFileType = wrapper.framework; path = Fabric.framework; sourceTree = "<group>"; };
		E8686CA81E70AA3300A13449 /* Crashlytics.framework */ = {isa = PBXFileReference; lastKnownFileType = wrapper.framework; path = Crashlytics.framework; sourceTree = "<group>"; };
		E8686CB31E71F9F100A13449 /* JSONHelper.swift */ = {isa = PBXFileReference; fileEncoding = 4; lastKnownFileType = sourcecode.swift; path = JSONHelper.swift; sourceTree = "<group>"; };
		E8686CB51E770F8400A13449 /* API.plist */ = {isa = PBXFileReference; fileEncoding = 4; lastKnownFileType = text.plist.xml; path = API.plist; sourceTree = "<group>"; };
		E868F9E11E7C84D1007F1FFE /* UserNotifications.framework */ = {isa = PBXFileReference; lastKnownFileType = wrapper.framework; name = UserNotifications.framework; path = System/Library/Frameworks/UserNotifications.framework; sourceTree = SDKROOT; };
		E88E4CEE1E4E212600EF2E76 /* ActivityCell.swift */ = {isa = PBXFileReference; fileEncoding = 4; lastKnownFileType = sourcecode.swift; path = ActivityCell.swift; sourceTree = "<group>"; };
		E895A1381E5626BB0035AF48 /* Article+CoreDataClass.swift */ = {isa = PBXFileReference; fileEncoding = 4; lastKnownFileType = sourcecode.swift; name = "Article+CoreDataClass.swift"; path = "../Article+CoreDataClass.swift"; sourceTree = "<group>"; };
		E895A1391E5626BB0035AF48 /* Article+CoreDataProperties.swift */ = {isa = PBXFileReference; fileEncoding = 4; lastKnownFileType = sourcecode.swift; name = "Article+CoreDataProperties.swift"; path = "../Article+CoreDataProperties.swift"; sourceTree = "<group>"; };
		E89F14421EA5035D00D43F25 /* Legislator+CoreDataClass.swift */ = {isa = PBXFileReference; fileEncoding = 4; lastKnownFileType = sourcecode.swift; path = "Legislator+CoreDataClass.swift"; sourceTree = "<group>"; };
		E8BF59261E4CD697008365F4 /* ActivityFeedController.swift */ = {isa = PBXFileReference; fileEncoding = 4; lastKnownFileType = sourcecode.swift; path = ActivityFeedController.swift; sourceTree = "<group>"; };
		E8BF59281E4CD7E9008365F4 /* ActivityItem.swift */ = {isa = PBXFileReference; fileEncoding = 4; lastKnownFileType = sourcecode.swift; path = ActivityItem.swift; sourceTree = "<group>"; };
		E8C2ED8B1E7C814200F6553D /* glassHouses.entitlements */ = {isa = PBXFileReference; lastKnownFileType = text.plist.entitlements; path = glassHouses.entitlements; sourceTree = "<group>"; };
		E8DEEF081E57732D004AF755 /* LegislationDetailViewController.swift */ = {isa = PBXFileReference; fileEncoding = 4; lastKnownFileType = sourcecode.swift; path = LegislationDetailViewController.swift; sourceTree = "<group>"; };
		E8DEEF0D1E5774C6004AF755 /* LegislationStatusView.swift */ = {isa = PBXFileReference; fileEncoding = 4; lastKnownFileType = sourcecode.swift; path = LegislationStatusView.swift; sourceTree = "<group>"; };
		E8DEEF101E58D9FE004AF755 /* SponserCollectionCell.swift */ = {isa = PBXFileReference; fileEncoding = 4; lastKnownFileType = sourcecode.swift; path = SponserCollectionCell.swift; sourceTree = "<group>"; };
		E8F8178A1E4E4EC100155A5D /* NewsSearchAPI.swift */ = {isa = PBXFileReference; fileEncoding = 4; lastKnownFileType = sourcecode.swift; path = NewsSearchAPI.swift; sourceTree = "<group>"; };
		E8F8178C1E4E503F00155A5D /* NewsArticle.swift */ = {isa = PBXFileReference; fileEncoding = 4; lastKnownFileType = sourcecode.swift; path = NewsArticle.swift; sourceTree = "<group>"; };
		E8FFE5571E9FCC8800C187CD /* Webservice.swift */ = {isa = PBXFileReference; fileEncoding = 4; lastKnownFileType = sourcecode.swift; name = Webservice.swift; path = ../Webservice.swift; sourceTree = "<group>"; };
		E8FFE5591EA039B100C187CD /* Environment.swift */ = {isa = PBXFileReference; fileEncoding = 4; lastKnownFileType = sourcecode.swift; name = Environment.swift; path = "../../../../Downloads/S01E43-view-controller-refactoring-master/SwiftTalk/Environment.swift"; sourceTree = "<group>"; };
		E8FFE55B1EA1269900C187CD /* Legislation+CoreDataClass.swift */ = {isa = PBXFileReference; fileEncoding = 4; lastKnownFileType = sourcecode.swift; path = "Legislation+CoreDataClass.swift"; sourceTree = "<group>"; };
		E8FFE5691EA13CF300C187CD /* Legislation+CoreDataProperties.swift */ = {isa = PBXFileReference; fileEncoding = 4; lastKnownFileType = sourcecode.swift; path = "Legislation+CoreDataProperties.swift"; sourceTree = "<group>"; };
		E8FFE58E1EA502CB00C187CD /* Legislator+CoreDataProperties.swift */ = {isa = PBXFileReference; fileEncoding = 4; lastKnownFileType = sourcecode.swift; path = "Legislator+CoreDataProperties.swift"; sourceTree = "<group>"; };
/* End PBXFileReference section */

/* Begin PBXFrameworksBuildPhase section */
		E84BE3741E4A4BC6004359DE /* Frameworks */ = {
			isa = PBXFrameworksBuildPhase;
			buildActionMask = 2147483647;
			files = (
				E868F9E21E7C84D1007F1FFE /* UserNotifications.framework in Frameworks */,
				E8686CAA1E70AA3300A13449 /* Crashlytics.framework in Frameworks */,
				E8686CA91E70AA3300A13449 /* Fabric.framework in Frameworks */,
			);
			runOnlyForDeploymentPostprocessing = 0;
		};
		E84BE3881E4A4BC6004359DE /* Frameworks */ = {
			isa = PBXFrameworksBuildPhase;
			buildActionMask = 2147483647;
			files = (
			);
			runOnlyForDeploymentPostprocessing = 0;
		};
		E84BE3931E4A4BC6004359DE /* Frameworks */ = {
			isa = PBXFrameworksBuildPhase;
			buildActionMask = 2147483647;
			files = (
			);
			runOnlyForDeploymentPostprocessing = 0;
		};
/* End PBXFrameworksBuildPhase section */

/* Begin PBXGroup section */
		E84BE36E1E4A4BC6004359DE = {
			isa = PBXGroup;
			children = (
				E84BE3791E4A4BC6004359DE /* glassHouses */,
				E84BE38E1E4A4BC6004359DE /* glassHousesTests */,
				E84BE3781E4A4BC6004359DE /* Products */,
				E868F9E01E7C84D0007F1FFE /* Frameworks */,
			);
			sourceTree = "<group>";
		};
		E84BE3781E4A4BC6004359DE /* Products */ = {
			isa = PBXGroup;
			children = (
				E84BE3771E4A4BC6004359DE /* glassHouses.app */,
				E84BE38B1E4A4BC6004359DE /* glassHousesTests.xctest */,
				E84BE3961E4A4BC6004359DE /* glassHousesUITests.xctest */,
			);
			name = Products;
			sourceTree = "<group>";
		};
		E84BE3791E4A4BC6004359DE /* glassHouses */ = {
			isa = PBXGroup;
			children = (
				E8C2ED8B1E7C814200F6553D /* glassHouses.entitlements */,
				E813C3801E53A75100F93F95 /* glassHouses.xcdatamodeld */,
				E8DEEF0C1E577387004AF755 /* Controller */,
				E8DEEF0B1E57736F004AF755 /* Model */,
				E8DEEF0A1E577360004AF755 /* View */,
				E84BE37E1E4A4BC6004359DE /* Main.storyboard */,
				E8686CA71E70AA3300A13449 /* Fabric.framework */,
				E8686CA81E70AA3300A13449 /* Crashlytics.framework */,
				E84BE3811E4A4BC6004359DE /* Assets.xcassets */,
				E84BE3831E4A4BC6004359DE /* LaunchScreen.storyboard */,
				E84BE3861E4A4BC6004359DE /* Info.plist */,
				E8686CB51E770F8400A13449 /* API.plist */,
			);
			path = glassHouses;
			sourceTree = "<group>";
		};
		E84BE38E1E4A4BC6004359DE /* glassHousesTests */ = {
			isa = PBXGroup;
			children = (
				E84BE38F1E4A4BC6004359DE /* glassHousesTests.swift */,
				E8185C481E5F52A000462C8F /* JSON */,
				E84BE3991E4A4BC6004359DE /* glassHousesUITests */,
				E84BE3911E4A4BC6004359DE /* Info.plist */,
				E8185C841E5F6AEE00462C8F /* allUpper */,
			);
			path = glassHousesTests;
			sourceTree = "<group>";
		};
		E84BE3991E4A4BC6004359DE /* glassHousesUITests */ = {
			isa = PBXGroup;
			children = (
				E84BE39A1E4A4BC6004359DE /* glassHousesUITests.swift */,
				E84BE39C1E4A4BC6004359DE /* Info.plist */,
			);
			name = glassHousesUITests;
			path = ../glassHousesUITests;
			sourceTree = "<group>";
		};
		E868F9E01E7C84D0007F1FFE /* Frameworks */ = {
			isa = PBXGroup;
			children = (
				E868F9E11E7C84D1007F1FFE /* UserNotifications.framework */,
			);
			name = Frameworks;
			sourceTree = "<group>";
		};
		E8DEEF0A1E577360004AF755 /* View */ = {
			isa = PBXGroup;
			children = (
				E88E4CEE1E4E212600EF2E76 /* ActivityCell.swift */,
				E8DEEF101E58D9FE004AF755 /* SponserCollectionCell.swift */,
				E8DEEF0D1E5774C6004AF755 /* LegislationStatusView.swift */,
			);
			name = View;
			sourceTree = "<group>";
		};
		E8DEEF0B1E57736F004AF755 /* Model */ = {
			isa = PBXGroup;
			children = (
				E8FFE5571E9FCC8800C187CD /* Webservice.swift */,
				E8FFE5591EA039B100C187CD /* Environment.swift */,
				E89F14421EA5035D00D43F25 /* Legislator+CoreDataClass.swift */,
				E8FFE58E1EA502CB00C187CD /* Legislator+CoreDataProperties.swift */,
				E8FFE55B1EA1269900C187CD /* Legislation+CoreDataClass.swift */,
				E8FFE5691EA13CF300C187CD /* Legislation+CoreDataProperties.swift */,
				E895A1381E5626BB0035AF48 /* Article+CoreDataClass.swift */,
				E895A1391E5626BB0035AF48 /* Article+CoreDataProperties.swift */,
				E813C3791E524D6A00F93F95 /* UserDefaultsManager.swift */,
				E813C37B1E538E6E00F93F95 /* ActivityItemStore.swift */,
				E84BE3AE1E4BCF67004359DE /* ImageStore.swift */,
				E8686CB31E71F9F100A13449 /* JSONHelper.swift */,
				E83A86B71E92CCB800C04E1E /* GlassHousesAPI.swift */,
				E8F8178A1E4E4EC100155A5D /* NewsSearchAPI.swift */,
				E8BF59281E4CD7E9008365F4 /* ActivityItem.swift */,
				E8F8178C1E4E503F00155A5D /* NewsArticle.swift */,
				E84BE3AA1E4B6385004359DE /* Legislator.swift */,
			);
			name = Model;
			sourceTree = "<group>";
		};
		E8DEEF0C1E577387004AF755 /* Controller */ = {
			isa = PBXGroup;
			children = (
				E84BE37A1E4A4BC6004359DE /* AppDelegate.swift */,
				E84BE37C1E4A4BC6004359DE /* OnboardingViewController.swift */,
				E8BF59261E4CD697008365F4 /* ActivityFeedController.swift */,
				E8DEEF081E57732D004AF755 /* LegislationDetailViewController.swift */,
			);
			name = Controller;
			sourceTree = "<group>";
		};
/* End PBXGroup section */

/* Begin PBXNativeTarget section */
		E84BE3761E4A4BC6004359DE /* glassHouses */ = {
			isa = PBXNativeTarget;
			buildConfigurationList = E84BE39F1E4A4BC6004359DE /* Build configuration list for PBXNativeTarget "glassHouses" */;
			buildPhases = (
				E84BE3731E4A4BC6004359DE /* Sources */,
				E84BE3741E4A4BC6004359DE /* Frameworks */,
				E84BE3751E4A4BC6004359DE /* Resources */,
				E8686CA61E70AA1100A13449 /* ShellScript */,
			);
			buildRules = (
			);
			dependencies = (
			);
			name = glassHouses;
			productName = informedPublic;
			productReference = E84BE3771E4A4BC6004359DE /* glassHouses.app */;
			productType = "com.apple.product-type.application";
		};
		E84BE38A1E4A4BC6004359DE /* glassHousesTests */ = {
			isa = PBXNativeTarget;
			buildConfigurationList = E84BE3A21E4A4BC6004359DE /* Build configuration list for PBXNativeTarget "glassHousesTests" */;
			buildPhases = (
				E84BE3871E4A4BC6004359DE /* Sources */,
				E84BE3881E4A4BC6004359DE /* Frameworks */,
				E84BE3891E4A4BC6004359DE /* Resources */,
			);
			buildRules = (
			);
			dependencies = (
				E84BE38D1E4A4BC6004359DE /* PBXTargetDependency */,
			);
			name = glassHousesTests;
			productName = informedPublicTests;
			productReference = E84BE38B1E4A4BC6004359DE /* glassHousesTests.xctest */;
			productType = "com.apple.product-type.bundle.unit-test";
		};
		E84BE3951E4A4BC6004359DE /* glassHousesUITests */ = {
			isa = PBXNativeTarget;
			buildConfigurationList = E84BE3A51E4A4BC6004359DE /* Build configuration list for PBXNativeTarget "glassHousesUITests" */;
			buildPhases = (
				E84BE3921E4A4BC6004359DE /* Sources */,
				E84BE3931E4A4BC6004359DE /* Frameworks */,
				E84BE3941E4A4BC6004359DE /* Resources */,
			);
			buildRules = (
			);
			dependencies = (
				E84BE3981E4A4BC6004359DE /* PBXTargetDependency */,
			);
			name = glassHousesUITests;
			productName = informedPublicUITests;
			productReference = E84BE3961E4A4BC6004359DE /* glassHousesUITests.xctest */;
			productType = "com.apple.product-type.bundle.ui-testing";
		};
/* End PBXNativeTarget section */

/* Begin PBXProject section */
		E84BE36F1E4A4BC6004359DE /* Project object */ = {
			isa = PBXProject;
			attributes = {
				LastSwiftUpdateCheck = 0820;
				LastUpgradeCheck = 0820;
				ORGANIZATIONNAME = dayj;
				TargetAttributes = {
					E84BE3761E4A4BC6004359DE = {
						CreatedOnToolsVersion = 8.2.1;
						DevelopmentTeam = L72L2B36E9;
						ProvisioningStyle = Automatic;
						SystemCapabilities = {
							com.apple.Push = {
								enabled = 1;
							};
						};
					};
					E84BE38A1E4A4BC6004359DE = {
						CreatedOnToolsVersion = 8.2.1;
						DevelopmentTeam = CS59J7397A;
						ProvisioningStyle = Automatic;
						TestTargetID = E84BE3761E4A4BC6004359DE;
					};
					E84BE3951E4A4BC6004359DE = {
						CreatedOnToolsVersion = 8.2.1;
						DevelopmentTeam = CS59J7397A;
						ProvisioningStyle = Automatic;
						TestTargetID = E84BE3761E4A4BC6004359DE;
					};
				};
			};
			buildConfigurationList = E84BE3721E4A4BC6004359DE /* Build configuration list for PBXProject "GlassHouses" */;
			compatibilityVersion = "Xcode 3.2";
			developmentRegion = English;
			hasScannedForEncodings = 0;
			knownRegions = (
				en,
				Base,
			);
			mainGroup = E84BE36E1E4A4BC6004359DE;
			productRefGroup = E84BE3781E4A4BC6004359DE /* Products */;
			projectDirPath = "";
			projectRoot = "";
			targets = (
				E84BE3761E4A4BC6004359DE /* glassHouses */,
				E84BE38A1E4A4BC6004359DE /* glassHousesTests */,
				E84BE3951E4A4BC6004359DE /* glassHousesUITests */,
			);
		};
/* End PBXProject section */

/* Begin PBXResourcesBuildPhase section */
		E84BE3751E4A4BC6004359DE /* Resources */ = {
			isa = PBXResourcesBuildPhase;
			buildActionMask = 2147483647;
			files = (
				E84BE3851E4A4BC6004359DE /* LaunchScreen.storyboard in Resources */,
				E8686CB61E770F8400A13449 /* API.plist in Resources */,
				E84BE3821E4A4BC6004359DE /* Assets.xcassets in Resources */,
				E84BE3801E4A4BC6004359DE /* Main.storyboard in Resources */,
			);
			runOnlyForDeploymentPostprocessing = 0;
		};
		E84BE3891E4A4BC6004359DE /* Resources */ = {
			isa = PBXResourcesBuildPhase;
			buildActionMask = 2147483647;
			files = (
				E8185C491E5F52A000462C8F /* JSON in Resources */,
				E8185C851E5F6AEF00462C8F /* allUpper in Resources */,
			);
			runOnlyForDeploymentPostprocessing = 0;
		};
		E84BE3941E4A4BC6004359DE /* Resources */ = {
			isa = PBXResourcesBuildPhase;
			buildActionMask = 2147483647;
			files = (
			);
			runOnlyForDeploymentPostprocessing = 0;
		};
/* End PBXResourcesBuildPhase section */

/* Begin PBXShellScriptBuildPhase section */
		E8686CA61E70AA1100A13449 /* ShellScript */ = {
			isa = PBXShellScriptBuildPhase;
			buildActionMask = 2147483647;
			files = (
			);
			inputPaths = (
			);
			outputPaths = (
			);
			runOnlyForDeploymentPostprocessing = 0;
			shellPath = /bin/sh;
			shellScript = "buildPlist=\"$SRCROOT/glassHouses/API.plist\"\nkey=$(/usr/libexec/PlistBuddy -c \"Print FabricKey\" $buildPlist)\nsecret=$(/usr/libexec/PlistBuddy -c \"Print FabricBuildSecret\" $buildPlist)\n./Fabric.framework/run $key $secret";
		};
/* End PBXShellScriptBuildPhase section */

/* Begin PBXSourcesBuildPhase section */
		E84BE3731E4A4BC6004359DE /* Sources */ = {
			isa = PBXSourcesBuildPhase;
			buildActionMask = 2147483647;
			files = (
				E8BF59271E4CD697008365F4 /* ActivityFeedController.swift in Sources */,
				E8DEEF111E58D9FE004AF755 /* SponserCollectionCell.swift in Sources */,
				E8DEEF091E57732D004AF755 /* LegislationDetailViewController.swift in Sources */,
				E83A86B81E92CCB800C04E1E /* GlassHousesAPI.swift in Sources */,
				E84BE37D1E4A4BC6004359DE /* OnboardingViewController.swift in Sources */,
				E895A13B1E5626BB0035AF48 /* Article+CoreDataProperties.swift in Sources */,
				E8FFE56A1EA13CF400C187CD /* Legislation+CoreDataProperties.swift in Sources */,
				E895A13A1E5626BB0035AF48 /* Article+CoreDataClass.swift in Sources */,
				E813C37A1E524D6A00F93F95 /* UserDefaultsManager.swift in Sources */,
				E84BE3AB1E4B6385004359DE /* Legislator.swift in Sources */,
				E84BE3AF1E4BCF67004359DE /* ImageStore.swift in Sources */,
				E8FFE55D1EA1269900C187CD /* Legislation+CoreDataClass.swift in Sources */,
				E88E4CEF1E4E212600EF2E76 /* ActivityCell.swift in Sources */,
				E8BF59291E4CD7E9008365F4 /* ActivityItem.swift in Sources */,
				E813C3821E53A75100F93F95 /* glassHouses.xcdatamodeld in Sources */,
				E84BE37B1E4A4BC6004359DE /* AppDelegate.swift in Sources */,
				E813C37C1E538E6E00F93F95 /* ActivityItemStore.swift in Sources */,
				E8F8178D1E4E503F00155A5D /* NewsArticle.swift in Sources */,
				E8FFE5581E9FCC8800C187CD /* Webservice.swift in Sources */,
				E8FFE58F1EA502CB00C187CD /* Legislator+CoreDataProperties.swift in Sources */,
				E8FFE55A1EA039B100C187CD /* Environment.swift in Sources */,
				E8DEEF0E1E5774C6004AF755 /* LegislationStatusView.swift in Sources */,
				E8686CB41E71F9F100A13449 /* JSONHelper.swift in Sources */,
				E89F14431EA5035D00D43F25 /* Legislator+CoreDataClass.swift in Sources */,
				E8F8178B1E4E4EC100155A5D /* NewsSearchAPI.swift in Sources */,
			);
			runOnlyForDeploymentPostprocessing = 0;
		};
		E84BE3871E4A4BC6004359DE /* Sources */ = {
			isa = PBXSourcesBuildPhase;
			buildActionMask = 2147483647;
			files = (
				E84BE3901E4A4BC6004359DE /* glassHousesTests.swift in Sources */,
			);
			runOnlyForDeploymentPostprocessing = 0;
		};
		E84BE3921E4A4BC6004359DE /* Sources */ = {
			isa = PBXSourcesBuildPhase;
			buildActionMask = 2147483647;
			files = (
				E84BE39B1E4A4BC6004359DE /* glassHousesUITests.swift in Sources */,
			);
			runOnlyForDeploymentPostprocessing = 0;
		};
/* End PBXSourcesBuildPhase section */

/* Begin PBXTargetDependency section */
		E84BE38D1E4A4BC6004359DE /* PBXTargetDependency */ = {
			isa = PBXTargetDependency;
			target = E84BE3761E4A4BC6004359DE /* glassHouses */;
			targetProxy = E84BE38C1E4A4BC6004359DE /* PBXContainerItemProxy */;
		};
		E84BE3981E4A4BC6004359DE /* PBXTargetDependency */ = {
			isa = PBXTargetDependency;
			target = E84BE3761E4A4BC6004359DE /* glassHouses */;
			targetProxy = E84BE3971E4A4BC6004359DE /* PBXContainerItemProxy */;
		};
/* End PBXTargetDependency section */

/* Begin PBXVariantGroup section */
		E84BE37E1E4A4BC6004359DE /* Main.storyboard */ = {
			isa = PBXVariantGroup;
			children = (
				E84BE37F1E4A4BC6004359DE /* Base */,
			);
			name = Main.storyboard;
			sourceTree = "<group>";
		};
		E84BE3831E4A4BC6004359DE /* LaunchScreen.storyboard */ = {
			isa = PBXVariantGroup;
			children = (
				E84BE3841E4A4BC6004359DE /* Base */,
			);
			name = LaunchScreen.storyboard;
			sourceTree = "<group>";
		};
/* End PBXVariantGroup section */

/* Begin XCBuildConfiguration section */
		E84BE39D1E4A4BC6004359DE /* Debug */ = {
			isa = XCBuildConfiguration;
			buildSettings = {
				ALWAYS_SEARCH_USER_PATHS = NO;
				CLANG_ANALYZER_NONNULL = YES;
				CLANG_CXX_LANGUAGE_STANDARD = "gnu++0x";
				CLANG_CXX_LIBRARY = "libc++";
				CLANG_ENABLE_MODULES = YES;
				CLANG_ENABLE_OBJC_ARC = YES;
				CLANG_WARN_BOOL_CONVERSION = YES;
				CLANG_WARN_CONSTANT_CONVERSION = YES;
				CLANG_WARN_DIRECT_OBJC_ISA_USAGE = YES_ERROR;
				CLANG_WARN_DOCUMENTATION_COMMENTS = YES;
				CLANG_WARN_EMPTY_BODY = YES;
				CLANG_WARN_ENUM_CONVERSION = YES;
				CLANG_WARN_INFINITE_RECURSION = YES;
				CLANG_WARN_INT_CONVERSION = YES;
				CLANG_WARN_OBJC_ROOT_CLASS = YES_ERROR;
				CLANG_WARN_SUSPICIOUS_MOVE = YES;
				CLANG_WARN_UNREACHABLE_CODE = YES;
				CLANG_WARN__DUPLICATE_METHOD_MATCH = YES;
				"CODE_SIGN_IDENTITY[sdk=iphoneos*]" = "iPhone Developer";
				COPY_PHASE_STRIP = NO;
				DEBUG_INFORMATION_FORMAT = dwarf;
				ENABLE_STRICT_OBJC_MSGSEND = YES;
				ENABLE_TESTABILITY = YES;
				GCC_C_LANGUAGE_STANDARD = gnu99;
				GCC_DYNAMIC_NO_PIC = NO;
				GCC_NO_COMMON_BLOCKS = YES;
				GCC_OPTIMIZATION_LEVEL = 0;
				GCC_PREPROCESSOR_DEFINITIONS = (
					"DEBUG=1",
					"$(inherited)",
				);
				GCC_WARN_64_TO_32_BIT_CONVERSION = YES;
				GCC_WARN_ABOUT_RETURN_TYPE = YES_ERROR;
				GCC_WARN_UNDECLARED_SELECTOR = YES;
				GCC_WARN_UNINITIALIZED_AUTOS = YES_AGGRESSIVE;
				GCC_WARN_UNUSED_FUNCTION = YES;
				GCC_WARN_UNUSED_VARIABLE = YES;
				IPHONEOS_DEPLOYMENT_TARGET = 10.2;
				MTL_ENABLE_DEBUG_INFO = YES;
				ONLY_ACTIVE_ARCH = YES;
				SDKROOT = iphoneos;
				SWIFT_ACTIVE_COMPILATION_CONDITIONS = DEBUG;
				SWIFT_OPTIMIZATION_LEVEL = "-Onone";
			};
			name = Debug;
		};
		E84BE39E1E4A4BC6004359DE /* Release */ = {
			isa = XCBuildConfiguration;
			buildSettings = {
				ALWAYS_SEARCH_USER_PATHS = NO;
				CLANG_ANALYZER_NONNULL = YES;
				CLANG_CXX_LANGUAGE_STANDARD = "gnu++0x";
				CLANG_CXX_LIBRARY = "libc++";
				CLANG_ENABLE_MODULES = YES;
				CLANG_ENABLE_OBJC_ARC = YES;
				CLANG_WARN_BOOL_CONVERSION = YES;
				CLANG_WARN_CONSTANT_CONVERSION = YES;
				CLANG_WARN_DIRECT_OBJC_ISA_USAGE = YES_ERROR;
				CLANG_WARN_DOCUMENTATION_COMMENTS = YES;
				CLANG_WARN_EMPTY_BODY = YES;
				CLANG_WARN_ENUM_CONVERSION = YES;
				CLANG_WARN_INFINITE_RECURSION = YES;
				CLANG_WARN_INT_CONVERSION = YES;
				CLANG_WARN_OBJC_ROOT_CLASS = YES_ERROR;
				CLANG_WARN_SUSPICIOUS_MOVE = YES;
				CLANG_WARN_UNREACHABLE_CODE = YES;
				CLANG_WARN__DUPLICATE_METHOD_MATCH = YES;
				"CODE_SIGN_IDENTITY[sdk=iphoneos*]" = "iPhone Developer";
				COPY_PHASE_STRIP = NO;
				DEBUG_INFORMATION_FORMAT = "dwarf-with-dsym";
				ENABLE_NS_ASSERTIONS = NO;
				ENABLE_STRICT_OBJC_MSGSEND = YES;
				GCC_C_LANGUAGE_STANDARD = gnu99;
				GCC_NO_COMMON_BLOCKS = YES;
				GCC_WARN_64_TO_32_BIT_CONVERSION = YES;
				GCC_WARN_ABOUT_RETURN_TYPE = YES_ERROR;
				GCC_WARN_UNDECLARED_SELECTOR = YES;
				GCC_WARN_UNINITIALIZED_AUTOS = YES_AGGRESSIVE;
				GCC_WARN_UNUSED_FUNCTION = YES;
				GCC_WARN_UNUSED_VARIABLE = YES;
				IPHONEOS_DEPLOYMENT_TARGET = 10.2;
				MTL_ENABLE_DEBUG_INFO = NO;
				SDKROOT = iphoneos;
				SWIFT_OPTIMIZATION_LEVEL = "-Owholemodule";
				VALIDATE_PRODUCT = YES;
			};
			name = Release;
		};
		E84BE3A01E4A4BC6004359DE /* Debug */ = {
			isa = XCBuildConfiguration;
			buildSettings = {
				ASSETCATALOG_COMPILER_APPICON_NAME = AppIcon;
				CODE_SIGN_ENTITLEMENTS = glassHouses/glassHouses.entitlements;
				DEBUG_INFORMATION_FORMAT = "dwarf-with-dsym";
				DEVELOPMENT_TEAM = L72L2B36E9;
				ENABLE_BITCODE = NO;
				FRAMEWORK_SEARCH_PATHS = (
					"$(inherited)",
					"$(PROJECT_DIR)/glassHouses",
				);
				INFOPLIST_FILE = glassHouses/Info.plist;
				IPHONEOS_DEPLOYMENT_TARGET = 10.0;
				LD_RUNPATH_SEARCH_PATHS = "$(inherited) @executable_path/Frameworks";
				PRODUCT_BUNDLE_IDENTIFIER = com.jonday.glasshouses;
				PRODUCT_NAME = "$(TARGET_NAME)";
				SWIFT_VERSION = 3.0;
				TARGETED_DEVICE_FAMILY = 1;
			};
			name = Debug;
		};
		E84BE3A11E4A4BC6004359DE /* Release */ = {
			isa = XCBuildConfiguration;
			buildSettings = {
				ASSETCATALOG_COMPILER_APPICON_NAME = AppIcon;
				CODE_SIGN_ENTITLEMENTS = glassHouses/glassHouses.entitlements;
				"CODE_SIGN_IDENTITY[sdk=iphoneos*]" = "iPhone Developer";
				DEVELOPMENT_TEAM = L72L2B36E9;
				ENABLE_BITCODE = NO;
				FRAMEWORK_SEARCH_PATHS = (
					"$(inherited)",
					"$(PROJECT_DIR)/glassHouses",
				);
				INFOPLIST_FILE = glassHouses/Info.plist;
				IPHONEOS_DEPLOYMENT_TARGET = 10.0;
				LD_RUNPATH_SEARCH_PATHS = "$(inherited) @executable_path/Frameworks";
				PRODUCT_BUNDLE_IDENTIFIER = com.jonday.glasshouses;
				PRODUCT_NAME = "$(TARGET_NAME)";
				SWIFT_VERSION = 3.0;
				TARGETED_DEVICE_FAMILY = 1;
			};
			name = Release;
		};
		E84BE3A31E4A4BC6004359DE /* Debug */ = {
			isa = XCBuildConfiguration;
			buildSettings = {
				ALWAYS_EMBED_SWIFT_STANDARD_LIBRARIES = YES;
				BUNDLE_LOADER = "$(TEST_HOST)";
				DEVELOPMENT_TEAM = CS59J7397A;
				INFOPLIST_FILE = glassHousesTests/Info.plist;
				LD_RUNPATH_SEARCH_PATHS = "$(inherited) @executable_path/Frameworks @loader_path/Frameworks";
				PRODUCT_BUNDLE_IDENTIFIER = dayj.informedPublicTests;
				PRODUCT_NAME = "$(TARGET_NAME)";
				SWIFT_VERSION = 3.0;
				TEST_HOST = "$(BUILT_PRODUCTS_DIR)/glassHouses.app/glassHouses";
			};
			name = Debug;
		};
		E84BE3A41E4A4BC6004359DE /* Release */ = {
			isa = XCBuildConfiguration;
			buildSettings = {
				ALWAYS_EMBED_SWIFT_STANDARD_LIBRARIES = YES;
				BUNDLE_LOADER = "$(TEST_HOST)";
				DEVELOPMENT_TEAM = CS59J7397A;
				INFOPLIST_FILE = glassHousesTests/Info.plist;
				LD_RUNPATH_SEARCH_PATHS = "$(inherited) @executable_path/Frameworks @loader_path/Frameworks";
				PRODUCT_BUNDLE_IDENTIFIER = dayj.informedPublicTests;
				PRODUCT_NAME = "$(TARGET_NAME)";
				SWIFT_VERSION = 3.0;
				TEST_HOST = "$(BUILT_PRODUCTS_DIR)/glassHouses.app/glassHouses";
			};
			name = Release;
		};
		E84BE3A61E4A4BC6004359DE /* Debug */ = {
			isa = XCBuildConfiguration;
			buildSettings = {
				ALWAYS_EMBED_SWIFT_STANDARD_LIBRARIES = YES;
				DEVELOPMENT_TEAM = CS59J7397A;
				INFOPLIST_FILE = glassHousesUITests/Info.plist;
				LD_RUNPATH_SEARCH_PATHS = "$(inherited) @executable_path/Frameworks @loader_path/Frameworks";
				PRODUCT_BUNDLE_IDENTIFIER = dayj.glassHousesUITests;
				PRODUCT_NAME = "$(TARGET_NAME)";
				SWIFT_VERSION = 3.0;
				TEST_TARGET_NAME = glassHouses;
			};
			name = Debug;
		};
		E84BE3A71E4A4BC6004359DE /* Release */ = {
			isa = XCBuildConfiguration;
			buildSettings = {
				ALWAYS_EMBED_SWIFT_STANDARD_LIBRARIES = YES;
				DEVELOPMENT_TEAM = CS59J7397A;
				INFOPLIST_FILE = glassHousesUITests/Info.plist;
				LD_RUNPATH_SEARCH_PATHS = "$(inherited) @executable_path/Frameworks @loader_path/Frameworks";
				PRODUCT_BUNDLE_IDENTIFIER = dayj.glassHousesUITests;
				PRODUCT_NAME = "$(TARGET_NAME)";
				SWIFT_VERSION = 3.0;
				TEST_TARGET_NAME = glassHouses;
			};
			name = Release;
		};
/* End XCBuildConfiguration section */

/* Begin XCConfigurationList section */
		E84BE3721E4A4BC6004359DE /* Build configuration list for PBXProject "GlassHouses" */ = {
			isa = XCConfigurationList;
			buildConfigurations = (
				E84BE39D1E4A4BC6004359DE /* Debug */,
				E84BE39E1E4A4BC6004359DE /* Release */,
			);
			defaultConfigurationIsVisible = 0;
			defaultConfigurationName = Release;
		};
		E84BE39F1E4A4BC6004359DE /* Build configuration list for PBXNativeTarget "glassHouses" */ = {
			isa = XCConfigurationList;
			buildConfigurations = (
				E84BE3A01E4A4BC6004359DE /* Debug */,
				E84BE3A11E4A4BC6004359DE /* Release */,
			);
			defaultConfigurationIsVisible = 0;
			defaultConfigurationName = Release;
		};
		E84BE3A21E4A4BC6004359DE /* Build configuration list for PBXNativeTarget "glassHousesTests" */ = {
			isa = XCConfigurationList;
			buildConfigurations = (
				E84BE3A31E4A4BC6004359DE /* Debug */,
				E84BE3A41E4A4BC6004359DE /* Release */,
			);
			defaultConfigurationIsVisible = 0;
			defaultConfigurationName = Release;
		};
		E84BE3A51E4A4BC6004359DE /* Build configuration list for PBXNativeTarget "glassHousesUITests" */ = {
			isa = XCConfigurationList;
			buildConfigurations = (
				E84BE3A61E4A4BC6004359DE /* Debug */,
				E84BE3A71E4A4BC6004359DE /* Release */,
			);
			defaultConfigurationIsVisible = 0;
			defaultConfigurationName = Release;
		};
/* End XCConfigurationList section */

/* Begin XCVersionGroup section */
		E813C3801E53A75100F93F95 /* glassHouses.xcdatamodeld */ = {
			isa = XCVersionGroup;
			children = (
				E813C3811E53A75100F93F95 /* glassHouses.xcdatamodel */,
			);
			currentVersion = E813C3811E53A75100F93F95 /* glassHouses.xcdatamodel */;
			path = glassHouses.xcdatamodeld;
			sourceTree = "<group>";
			versionGroupType = wrapper.xcdatamodel;
		};
/* End XCVersionGroup section */
	};
	rootObject = E84BE36F1E4A4BC6004359DE /* Project object */;
}
